
Microsoft Visual Studio Solution File, Format Version 12.00
# Visual Studio 14
VisualStudioVersion = 14.0.23107.0
MinimumVisualStudioVersion = 10.0.40219.1
Project("{F2A71F9B-5D33-465A-A702-920D77279786}") = "Z1R_Tracker", "Z1R_Tracker\Z1R_Tracker.fsproj", "{6B605496-EA45-4694-90F5-A3953D338BEC}"
EndProject
Global
	GlobalSection(SolutionConfigurationPlatforms) = preSolution
		Debug|Any CPU = Debug|Any CPU
		Release|Any CPU = Release|Any CPU
	EndGlobalSection
	GlobalSection(ProjectConfigurationPlatforms) = postSolution
		{6B605496-EA45-4694-90F5-A3953D338BEC}.Debug|Any CPU.ActiveCfg = Debug|Any CPU
		{6B605496-EA45-4694-90F5-A3953D338BEC}.Debug|Any CPU.Build.0 = Debug|Any CPU
		{6B605496-EA45-4694-90F5-A3953D338BEC}.Release|Any CPU.ActiveCfg = Release|Any CPU
		{6B605496-EA45-4694-90F5-A3953D338BEC}.Release|Any CPU.Build.0 = Release|Any CPU
	EndGlobalSection
	GlobalSection(SolutionProperties) = preSolution
		HideSolutionNode = FALSE
	EndGlobalSection
EndGlobal
